
Microsoft Visual Studio Solution File, Format Version 11.00
# Visual Studio 2010
Project("{FAE04EC0-301F-11D3-BF4B-00C04F79EFBC}") = "PyramidPanic", "PyramidPanic\PyramidPanic\PyramidPanic.csproj", "{4FB3637E-1859-468A-B731-B90AD9B1DA6A}"
EndProject
Project("{FAE04EC0-301F-11D3-BF4B-00C04F79EFBC}") = "PyramidPanicContent", "PyramidPanic\PyramidPanicContent\PyramidPanicContent.contentproj", "{A706F2DE-2236-44EF-AE00-7EE4B35C05C6}"
EndProject
Project("{2150E333-8FDC-42A3-9474-1A3956D46DE8}") = "Solution Items", "Solution Items", "{26A03259-6ADA-4C03-9A5F-F883588A6254}"
EndProject
Global
	GlobalSection(SolutionConfigurationPlatforms) = preSolution
		Debug|x86 = Debug|x86
		Release|x86 = Release|x86
	EndGlobalSection
	GlobalSection(ProjectConfigurationPlatforms) = postSolution
		{4FB3637E-1859-468A-B731-B90AD9B1DA6A}.Debug|x86.ActiveCfg = Debug|x86
		{4FB3637E-1859-468A-B731-B90AD9B1DA6A}.Debug|x86.Build.0 = Debug|x86
		{4FB3637E-1859-468A-B731-B90AD9B1DA6A}.Release|x86.ActiveCfg = Release|x86
		{4FB3637E-1859-468A-B731-B90AD9B1DA6A}.Release|x86.Build.0 = Release|x86
		{A706F2DE-2236-44EF-AE00-7EE4B35C05C6}.Debug|x86.ActiveCfg = Debug|x86
		{A706F2DE-2236-44EF-AE00-7EE4B35C05C6}.Release|x86.ActiveCfg = Release|x86
	EndGlobalSection
	GlobalSection(SolutionProperties) = preSolution
		HideSolutionNode = FALSE
	EndGlobalSection
EndGlobal
